
Microsoft Visual Studio Solution File, Format Version 12.00
# Visual Studio Version 17
VisualStudioVersion = 17.14.35906.104 d17.14
MinimumVisualStudioVersion = 10.0.40219.1
Project("{FAE04EC0-301F-11D3-BF4B-00C04F79EFBC}") = "LibraryManagementSystem", "LibraryManagementSystem\LibraryManagementSystem.csproj", "{E25A9622-162E-4C70-A35D-176666F96B38}"
EndProject
Global
	GlobalSection(SolutionConfigurationPlatforms) = preSolution
		Debug|Any CPU = Debug|Any CPU
		Release|Any CPU = Release|Any CPU
	EndGlobalSection
	GlobalSection(ProjectConfigurationPlatforms) = postSolution
		{E25A9622-162E-4C70-A35D-176666F96B38}.Debug|Any CPU.ActiveCfg = Debug|Any CPU
		{E25A9622-162E-4C70-A35D-176666F96B38}.Debug|Any CPU.Build.0 = Debug|Any CPU
		{E25A9622-162E-4C70-A35D-176666F96B38}.Release|Any CPU.ActiveCfg = Release|Any CPU
		{E25A9622-162E-4C70-A35D-176666F96B38}.Release|Any CPU.Build.0 = Release|Any CPU
	EndGlobalSection
	GlobalSection(SolutionProperties) = preSolution
		HideSolutionNode = FALSE
	EndGlobalSection
	GlobalSection(ExtensibilityGlobals) = postSolution
		SolutionGuid = {AAC6568E-BCA1-4A55-A2DD-F0C5DCA1AC84}
	EndGlobalSection
EndGlobal
